
Microsoft Visual Studio Solution File, Format Version 12.00
# Visual Studio Version 16
VisualStudioVersion = 16.0.31702.278
MinimumVisualStudioVersion = 10.0.40219.1
Project("{FAE04EC0-301F-11D3-BF4B-00C04F79EFBC}") = "Test.Ef", "Test.Ef\Test.Ef.csproj", "{577AD02D-E2CB-434C-904E-FAC00B80BF1D}"
EndProject
Project("{FAE04EC0-301F-11D3-BF4B-00C04F79EFBC}") = "Test.Web", "Test.Web\Test.Web.csproj", "{CC439648-992B-469A-BB07-261D5B358D8E}"
EndProject
Project("{FAE04EC0-301F-11D3-BF4B-00C04F79EFBC}") = "Task.Core", "Task.Core\Task.Core.csproj", "{82189A9B-4E3F-4843-AA98-5041B9DD3ECC}"
EndProject
Global
	GlobalSection(SolutionConfigurationPlatforms) = preSolution
		Debug|Any CPU = Debug|Any CPU
		Release|Any CPU = Release|Any CPU
	EndGlobalSection
	GlobalSection(ProjectConfigurationPlatforms) = postSolution
		{577AD02D-E2CB-434C-904E-FAC00B80BF1D}.Debug|Any CPU.ActiveCfg = Debug|Any CPU
		{577AD02D-E2CB-434C-904E-FAC00B80BF1D}.Debug|Any CPU.Build.0 = Debug|Any CPU
		{577AD02D-E2CB-434C-904E-FAC00B80BF1D}.Release|Any CPU.ActiveCfg = Release|Any CPU
		{577AD02D-E2CB-434C-904E-FAC00B80BF1D}.Release|Any CPU.Build.0 = Release|Any CPU
		{CC439648-992B-469A-BB07-261D5B358D8E}.Debug|Any CPU.ActiveCfg = Debug|Any CPU
		{CC439648-992B-469A-BB07-261D5B358D8E}.Debug|Any CPU.Build.0 = Debug|Any CPU
		{CC439648-992B-469A-BB07-261D5B358D8E}.Release|Any CPU.ActiveCfg = Release|Any CPU
		{CC439648-992B-469A-BB07-261D5B358D8E}.Release|Any CPU.Build.0 = Release|Any CPU
		{82189A9B-4E3F-4843-AA98-5041B9DD3ECC}.Debug|Any CPU.ActiveCfg = Debug|Any CPU
		{82189A9B-4E3F-4843-AA98-5041B9DD3ECC}.Debug|Any CPU.Build.0 = Debug|Any CPU
		{82189A9B-4E3F-4843-AA98-5041B9DD3ECC}.Release|Any CPU.ActiveCfg = Release|Any CPU
		{82189A9B-4E3F-4843-AA98-5041B9DD3ECC}.Release|Any CPU.Build.0 = Release|Any CPU
	EndGlobalSection
	GlobalSection(SolutionProperties) = preSolution
		HideSolutionNode = FALSE
	EndGlobalSection
	GlobalSection(ExtensibilityGlobals) = postSolution
		SolutionGuid = {071FBDBE-4A48-4F10-97B5-175C71C39F1C}
	EndGlobalSection
EndGlobal
